
Microsoft Visual Studio Solution File, Format Version 12.00
# Visual Studio 15
VisualStudioVersion = 15.0.27625.0
MinimumVisualStudioVersion = 10.0.40219.1
Project("{FAE04EC0-301F-11D3-BF4B-00C04F79EFBC}") = "OpenFileTest", "OpenFileTest\OpenFileTest.csproj", "{5AD00FDF-A23B-4B4D-BB62-7F65FD2E7271}"
EndProject
Global
	GlobalSection(SolutionConfigurationPlatforms) = preSolution
		Debug|Any CPU = Debug|Any CPU
		Release|Any CPU = Release|Any CPU
	EndGlobalSection
	GlobalSection(ProjectConfigurationPlatforms) = postSolution
		{5AD00FDF-A23B-4B4D-BB62-7F65FD2E7271}.Debug|Any CPU.ActiveCfg = Debug|Any CPU
		{5AD00FDF-A23B-4B4D-BB62-7F65FD2E7271}.Debug|Any CPU.Build.0 = Debug|Any CPU
		{5AD00FDF-A23B-4B4D-BB62-7F65FD2E7271}.Release|Any CPU.ActiveCfg = Release|Any CPU
		{5AD00FDF-A23B-4B4D-BB62-7F65FD2E7271}.Release|Any CPU.Build.0 = Release|Any CPU
	EndGlobalSection
	GlobalSection(SolutionProperties) = preSolution
		HideSolutionNode = FALSE
	EndGlobalSection
	GlobalSection(ExtensibilityGlobals) = postSolution
		SolutionGuid = {9CB13433-B663-48AB-9C57-E8012ED2C74F}
	EndGlobalSection
EndGlobal
